// !$*UTF8*$!
{
	archiveVersion = 1;
	classes = {
	};
	objectVersion = 50;
	objects = {

/* Begin PBXBuildFile section */
		F16B82E024642F9A007F740E /* AppDelegate.swift in Sources */ = {isa = PBXBuildFile; fileRef = F16B82DF24642F9A007F740E /* AppDelegate.swift */; };
		F16B82E224642F9A007F740E /* SceneDelegate.swift in Sources */ = {isa = PBXBuildFile; fileRef = F16B82E124642F9A007F740E /* SceneDelegate.swift */; };
		F16B82E724642F9A007F740E /* Main.storyboard in Resources */ = {isa = PBXBuildFile; fileRef = F16B82E524642F9A007F740E /* Main.storyboard */; };
		F16B82E924642F9C007F740E /* Assets.xcassets in Resources */ = {isa = PBXBuildFile; fileRef = F16B82E824642F9C007F740E /* Assets.xcassets */; };
		F16B82EC24642F9C007F740E /* LaunchScreen.storyboard in Resources */ = {isa = PBXBuildFile; fileRef = F16B82EA24642F9C007F740E /* LaunchScreen.storyboard */; };
		F16B82F624643090007F740E /* ViewController.swift in Sources */ = {isa = PBXBuildFile; fileRef = F16B82F524643090007F740E /* ViewController.swift */; };
		F16B82F9246430D7007F740E /* HeroTableViewCell.swift in Sources */ = {isa = PBXBuildFile; fileRef = F16B82F7246430D7007F740E /* HeroTableViewCell.swift */; };
		F16B82FA246430D7007F740E /* HeroTableViewCell.xib in Resources */ = {isa = PBXBuildFile; fileRef = F16B82F8246430D7007F740E /* HeroTableViewCell.xib */; };
		F16B82FE24643287007F740E /* Hero.swift in Sources */ = {isa = PBXBuildFile; fileRef = F16B82FD24643287007F740E /* Hero.swift */; };
		F16B830024643297007F740E /* DummyHeroes.swift in Sources */ = {isa = PBXBuildFile; fileRef = F16B82FF24643297007F740E /* DummyHeroes.swift */; };
		F16B830324643B27007F740E /* DetailViewController.swift in Sources */ = {isa = PBXBuildFile; fileRef = F16B830124643B27007F740E /* DetailViewController.swift */; };
		F16B830424643B27007F740E /* DetailViewController.xib in Resources */ = {isa = PBXBuildFile; fileRef = F16B830224643B27007F740E /* DetailViewController.xib */; };
/* End PBXBuildFile section */

/* Begin PBXFileReference section */
		F16B82DC24642F9A007F740E /* MyHeroApp.app */ = {isa = PBXFileReference; explicitFileType = wrapper.application; includeInIndex = 0; path = MyHeroApp.app; sourceTree = BUILT_PRODUCTS_DIR; };
		F16B82DF24642F9A007F740E /* AppDelegate.swift */ = {isa = PBXFileReference; lastKnownFileType = sourcecode.swift; path = AppDelegate.swift; sourceTree = "<group>"; };
		F16B82E124642F9A007F740E /* SceneDelegate.swift */ = {isa = PBXFileReference; lastKnownFileType = sourcecode.swift; path = SceneDelegate.swift; sourceTree = "<group>"; };
		F16B82E624642F9A007F740E /* Base */ = {isa = PBXFileReference; lastKnownFileType = file.storyboard; name = Base; path = Base.lproj/Main.storyboard; sourceTree = "<group>"; };
		F16B82E824642F9C007F740E /* Assets.xcassets */ = {isa = PBXFileReference; lastKnownFileType = folder.assetcatalog; path = Assets.xcassets; sourceTree = "<group>"; };
		F16B82EB24642F9C007F740E /* Base */ = {isa = PBXFileReference; lastKnownFileType = file.storyboard; name = Base; path = Base.lproj/LaunchScreen.storyboard; sourceTree = "<group>"; };
		F16B82ED24642F9C007F740E /* Info.plist */ = {isa = PBXFileReference; lastKnownFileType = text.plist.xml; path = Info.plist; sourceTree = "<group>"; };
		F16B82F524643090007F740E /* ViewController.swift */ = {isa = PBXFileReference; lastKnownFileType = sourcecode.swift; path = ViewController.swift; sourceTree = "<group>"; };
		F16B82F7246430D7007F740E /* HeroTableViewCell.swift */ = {isa = PBXFileReference; lastKnownFileType = sourcecode.swift; path = HeroTableViewCell.swift; sourceTree = "<group>"; };
		F16B82F8246430D7007F740E /* HeroTableViewCell.xib */ = {isa = PBXFileReference; lastKnownFileType = file.xib; path = HeroTableViewCell.xib; sourceTree = "<group>"; };
		F16B82FD24643287007F740E /* Hero.swift */ = {isa = PBXFileReference; lastKnownFileType = sourcecode.swift; path = Hero.swift; sourceTree = "<group>"; };
		F16B82FF24643297007F740E /* DummyHeroes.swift */ = {isa = PBXFileReference; lastKnownFileType = sourcecode.swift; path = DummyHeroes.swift; sourceTree = "<group>"; };
		F16B830124643B27007F740E /* DetailViewController.swift */ = {isa = PBXFileReference; lastKnownFileType = sourcecode.swift; path = DetailViewController.swift; sourceTree = "<group>"; };
		F16B830224643B27007F740E /* DetailViewController.xib */ = {isa = PBXFileReference; lastKnownFileType = file.xib; path = DetailViewController.xib; sourceTree = "<group>"; };
/* End PBXFileReference section */

/* Begin PBXFrameworksBuildPhase section */
		F16B82D924642F9A007F740E /* Frameworks */ = {
			isa = PBXFrameworksBuildPhase;
			buildActionMask = 2147483647;
			files = (
			);
			runOnlyForDeploymentPostprocessing = 0;
		};
/* End PBXFrameworksBuildPhase section */

/* Begin PBXGroup section */
		F16B82D324642F9A007F740E = {
			isa = PBXGroup;
			children = (
				F16B82DE24642F9A007F740E /* MyHeroApp */,
				F16B82DD24642F9A007F740E /* Products */,
			);
			sourceTree = "<group>";
		};
		F16B82DD24642F9A007F740E /* Products */ = {
			isa = PBXGroup;
			children = (
				F16B82DC24642F9A007F740E /* MyHeroApp.app */,
			);
			name = Products;
			sourceTree = "<group>";
		};
		F16B82DE24642F9A007F740E /* MyHeroApp */ = {
			isa = PBXGroup;
			children = (
				F16B82FC24643106007F740E /* Model */,
				F16B82FB246430EC007F740E /* View */,
				F16B82F324642FA9007F740E /* Base */,
				F16B82F424643019007F740E /* Controller */,
				F16B82E824642F9C007F740E /* Assets.xcassets */,
				F16B82ED24642F9C007F740E /* Info.plist */,
			);
			path = MyHeroApp;
			sourceTree = "<group>";
		};
		F16B82F324642FA9007F740E /* Base */ = {
			isa = PBXGroup;
			children = (
				F16B82DF24642F9A007F740E /* AppDelegate.swift */,
				F16B82E124642F9A007F740E /* SceneDelegate.swift */,
			);
			path = Base;
			sourceTree = "<group>";
		};
		F16B82F424643019007F740E /* Controller */ = {
			isa = PBXGroup;
			children = (
				F16B82F524643090007F740E /* ViewController.swift */,
				F16B82F7246430D7007F740E /* HeroTableViewCell.swift */,
				F16B830124643B27007F740E /* DetailViewController.swift */,
			);
			path = Controller;
			sourceTree = "<group>";
		};
		F16B82FB246430EC007F740E /* View */ = {
			isa = PBXGroup;
			children = (
				F16B830224643B27007F740E /* DetailViewController.xib */,
				F16B82F8246430D7007F740E /* HeroTableViewCell.xib */,
				F16B82E524642F9A007F740E /* Main.storyboard */,
				F16B82EA24642F9C007F740E /* LaunchScreen.storyboard */,
			);
			path = View;
			sourceTree = "<group>";
		};
		F16B82FC24643106007F740E /* Model */ = {
			isa = PBXGroup;
			children = (
				F16B82FD24643287007F740E /* Hero.swift */,
				F16B82FF24643297007F740E /* DummyHeroes.swift */,
			);
			path = Model;
			sourceTree = "<group>";
		};
/* End PBXGroup section */

/* Begin PBXNativeTarget section */
		F16B82DB24642F9A007F740E /* MyHeroApp */ = {
			isa = PBXNativeTarget;
			buildConfigurationList = F16B82F024642F9C007F740E /* Build configuration list for PBXNativeTarget "MyHeroApp" */;
			buildPhases = (
				F16B82D824642F9A007F740E /* Sources */,
				F16B82D924642F9A007F740E /* Frameworks */,
				F16B82DA24642F9A007F740E /* Resources */,
			);
			buildRules = (
			);
			dependencies = (
			);
			name = MyHeroApp;
			productName = MyHeroApp;
			productReference = F16B82DC24642F9A007F740E /* MyHeroApp.app */;
			productType = "com.apple.product-type.application";
		};
/* End PBXNativeTarget section */

/* Begin PBXProject section */
		F16B82D424642F9A007F740E /* Project object */ = {
			isa = PBXProject;
			attributes = {
				LastSwiftUpdateCheck = 1140;
				LastUpgradeCheck = 1140;
				ORGANIZATIONNAME = "Dicoding Indonesia";
				TargetAttributes = {
					F16B82DB24642F9A007F740E = {
						CreatedOnToolsVersion = 11.4.1;
					};
				};
			};
			buildConfigurationList = F16B82D724642F9A007F740E /* Build configuration list for PBXProject "MyHeroApp" */;
			compatibilityVersion = "Xcode 9.3";
			developmentRegion = en;
			hasScannedForEncodings = 0;
			knownRegions = (
				en,
				Base,
			);
			mainGroup = F16B82D324642F9A007F740E;
			productRefGroup = F16B82DD24642F9A007F740E /* Products */;
			projectDirPath = "";
			projectRoot = "";
			targets = (
				F16B82DB24642F9A007F740E /* MyHeroApp */,
			);
		};
/* End PBXProject section */

/* Begin PBXResourcesBuildPhase section */
		F16B82DA24642F9A007F740E /* Resources */ = {
			isa = PBXResourcesBuildPhase;
			buildActionMask = 2147483647;
			files = (
				F16B82EC24642F9C007F740E /* LaunchScreen.storyboard in Resources */,
				F16B82E924642F9C007F740E /* Assets.xcassets in Resources */,
				F16B830424643B27007F740E /* DetailViewController.xib in Resources */,
				F16B82E724642F9A007F740E /* Main.storyboard in Resources */,
				F16B82FA246430D7007F740E /* HeroTableViewCell.xib in Resources */,
			);
			runOnlyForDeploymentPostprocessing = 0;
		};
/* End PBXResourcesBuildPhase section */

/* Begin PBXSourcesBuildPhase section */
		F16B82D824642F9A007F740E /* Sources */ = {
			isa = PBXSourcesBuildPhase;
			buildActionMask = 2147483647;
			files = (
				F16B830024643297007F740E /* DummyHeroes.swift in Sources */,
				F16B82FE24643287007F740E /* Hero.swift in Sources */,
				F16B82F624643090007F740E /* ViewController.swift in Sources */,
				F16B82E024642F9A007F740E /* AppDelegate.swift in Sources */,
				F16B82E224642F9A007F740E /* SceneDelegate.swift in Sources */,
				F16B82F9246430D7007F740E /* HeroTableViewCell.swift in Sources */,
				F16B830324643B27007F740E /* DetailViewController.swift in Sources */,
			);
			runOnlyForDeploymentPostprocessing = 0;
		};
/* End PBXSourcesBuildPhase section */

/* Begin PBXVariantGroup section */
		F16B82E524642F9A007F740E /* Main.storyboard */ = {
			isa = PBXVariantGroup;
			children = (
				F16B82E624642F9A007F740E /* Base */,
			);
			name = Main.storyboard;
			sourceTree = "<group>";
		};
		F16B82EA24642F9C007F740E /* LaunchScreen.storyboard */ = {
			isa = PBXVariantGroup;
			children = (
				F16B82EB24642F9C007F740E /* Base */,
			);
			name = LaunchScreen.storyboard;
			sourceTree = "<group>";
		};
/* End PBXVariantGroup section */

/* Begin XCBuildConfiguration section */
		F16B82EE24642F9C007F740E /* Debug */ = {
			isa = XCBuildConfiguration;
			buildSettings = {
				ALWAYS_SEARCH_USER_PATHS = NO;
				CLANG_ANALYZER_NONNULL = YES;
				CLANG_ANALYZER_NUMBER_OBJECT_CONVERSION = YES_AGGRESSIVE;
				CLANG_CXX_LANGUAGE_STANDARD = "gnu++14";
				CLANG_CXX_LIBRARY = "libc++";
				CLANG_ENABLE_MODULES = YES;
				CLANG_ENABLE_OBJC_ARC = YES;
				CLANG_ENABLE_OBJC_WEAK = YES;
				CLANG_WARN_BLOCK_CAPTURE_AUTORELEASING = YES;
				CLANG_WARN_BOOL_CONVERSION = YES;
				CLANG_WARN_COMMA = YES;
				CLANG_WARN_CONSTANT_CONVERSION = YES;
				CLANG_WARN_DEPRECATED_OBJC_IMPLEMENTATIONS = YES;
				CLANG_WARN_DIRECT_OBJC_ISA_USAGE = YES_ERROR;
				CLANG_WARN_DOCUMENTATION_COMMENTS = YES;
				CLANG_WARN_EMPTY_BODY = YES;
				CLANG_WARN_ENUM_CONVERSION = YES;
				CLANG_WARN_INFINITE_RECURSION = YES;
				CLANG_WARN_INT_CONVERSION = YES;
				CLANG_WARN_NON_LITERAL_NULL_CONVERSION = YES;
				CLANG_WARN_OBJC_IMPLICIT_RETAIN_SELF = YES;
				CLANG_WARN_OBJC_LITERAL_CONVERSION = YES;
				CLANG_WARN_OBJC_ROOT_CLASS = YES_ERROR;
				CLANG_WARN_RANGE_LOOP_ANALYSIS = YES;
				CLANG_WARN_STRICT_PROTOTYPES = YES;
				CLANG_WARN_SUSPICIOUS_MOVE = YES;
				CLANG_WARN_UNGUARDED_AVAILABILITY = YES_AGGRESSIVE;
				CLANG_WARN_UNREACHABLE_CODE = YES;
				CLANG_WARN__DUPLICATE_METHOD_MATCH = YES;
				COPY_PHASE_STRIP = NO;
				DEBUG_INFORMATION_FORMAT = dwarf;
				ENABLE_STRICT_OBJC_MSGSEND = YES;
				ENABLE_TESTABILITY = YES;
				GCC_C_LANGUAGE_STANDARD = gnu11;
				GCC_DYNAMIC_NO_PIC = NO;
				GCC_NO_COMMON_BLOCKS = YES;
				GCC_OPTIMIZATION_LEVEL = 0;
				GCC_PREPROCESSOR_DEFINITIONS = (
					"DEBUG=1",
					"$(inherited)",
				);
				GCC_WARN_64_TO_32_BIT_CONVERSION = YES;
				GCC_WARN_ABOUT_RETURN_TYPE = YES_ERROR;
				GCC_WARN_UNDECLARED_SELECTOR = YES;
				GCC_WARN_UNINITIALIZED_AUTOS = YES_AGGRESSIVE;
				GCC_WARN_UNUSED_FUNCTION = YES;
				GCC_WARN_UNUSED_VARIABLE = YES;
				IPHONEOS_DEPLOYMENT_TARGET = 13.4;
				MTL_ENABLE_DEBUG_INFO = INCLUDE_SOURCE;
				MTL_FAST_MATH = YES;
				ONLY_ACTIVE_ARCH = YES;
				SDKROOT = iphoneos;
				SWIFT_ACTIVE_COMPILATION_CONDITIONS = DEBUG;
				SWIFT_OPTIMIZATION_LEVEL = "-Onone";
			};
			name = Debug;
		};
		F16B82EF24642F9C007F740E /* Release */ = {
			isa = XCBuildConfiguration;
			buildSettings = {
				ALWAYS_SEARCH_USER_PATHS = NO;
				CLANG_ANALYZER_NONNULL = YES;
				CLANG_ANALYZER_NUMBER_OBJECT_CONVERSION = YES_AGGRESSIVE;
				CLANG_CXX_LANGUAGE_STANDARD = "gnu++14";
				CLANG_CXX_LIBRARY = "libc++";
				CLANG_ENABLE_MODULES = YES;
				CLANG_ENABLE_OBJC_ARC = YES;
				CLANG_ENABLE_OBJC_WEAK = YES;
				CLANG_WARN_BLOCK_CAPTURE_AUTORELEASING = YES;
				CLANG_WARN_BOOL_CONVERSION = YES;
				CLANG_WARN_COMMA = YES;
				CLANG_WARN_CONSTANT_CONVERSION = YES;
				CLANG_WARN_DEPRECATED_OBJC_IMPLEMENTATIONS = YES;
				CLANG_WARN_DIRECT_OBJC_ISA_USAGE = YES_ERROR;
				CLANG_WARN_DOCUMENTATION_COMMENTS = YES;
				CLANG_WARN_EMPTY_BODY = YES;
				CLANG_WARN_ENUM_CONVERSION = YES;
				CLANG_WARN_INFINITE_RECURSION = YES;
				CLANG_WARN_INT_CONVERSION = YES;
				CLANG_WARN_NON_LITERAL_NULL_CONVERSION = YES;
				CLANG_WARN_OBJC_IMPLICIT_RETAIN_SELF = YES;
				CLANG_WARN_OBJC_LITERAL_CONVERSION = YES;
				CLANG_WARN_OBJC_ROOT_CLASS = YES_ERROR;
				CLANG_WARN_RANGE_LOOP_ANALYSIS = YES;
				CLANG_WARN_STRICT_PROTOTYPES = YES;
				CLANG_WARN_SUSPICIOUS_MOVE = YES;
				CLANG_WARN_UNGUARDED_AVAILABILITY = YES_AGGRESSIVE;
				CLANG_WARN_UNREACHABLE_CODE = YES;
				CLANG_WARN__DUPLICATE_METHOD_MATCH = YES;
				COPY_PHASE_STRIP = NO;
				DEBUG_INFORMATION_FORMAT = "dwarf-with-dsym";
				ENABLE_NS_ASSERTIONS = NO;
				ENABLE_STRICT_OBJC_MSGSEND = YES;
				GCC_C_LANGUAGE_STANDARD = gnu11;
				GCC_NO_COMMON_BLOCKS = YES;
				GCC_WARN_64_TO_32_BIT_CONVERSION = YES;
				GCC_WARN_ABOUT_RETURN_TYPE = YES_ERROR;
				GCC_WARN_UNDECLARED_SELECTOR = YES;
				GCC_WARN_UNINITIALIZED_AUTOS = YES_AGGRESSIVE;
				GCC_WARN_UNUSED_FUNCTION = YES;
				GCC_WARN_UNUSED_VARIABLE = YES;
				IPHONEOS_DEPLOYMENT_TARGET = 13.4;
				MTL_ENABLE_DEBUG_INFO = NO;
				MTL_FAST_MATH = YES;
				SDKROOT = iphoneos;
				SWIFT_COMPILATION_MODE = wholemodule;
				SWIFT_OPTIMIZATION_LEVEL = "-O";
				VALIDATE_PRODUCT = YES;
			};
			name = Release;
		};
		F16B82F124642F9C007F740E /* Debug */ = {
			isa = XCBuildConfiguration;
			buildSettings = {
				ASSETCATALOG_COMPILER_APPICON_NAME = AppIcon;
				CODE_SIGN_STYLE = Automatic;
				INFOPLIST_FILE = MyHeroApp/Info.plist;
				LD_RUNPATH_SEARCH_PATHS = (
					"$(inherited)",
					"@executable_path/Frameworks",
				);
				PRODUCT_BUNDLE_IDENTIFIER = com.dicoding.academy.MyHeroApp;
				PRODUCT_NAME = "$(TARGET_NAME)";
				SWIFT_VERSION = 5.0;
				TARGETED_DEVICE_FAMILY = "1,2";
			};
			name = Debug;
		};
		F16B82F224642F9C007F740E /* Release */ = {
			isa = XCBuildConfiguration;
			buildSettings = {
				ASSETCATALOG_COMPILER_APPICON_NAME = AppIcon;
				CODE_SIGN_STYLE = Automatic;
				INFOPLIST_FILE = MyHeroApp/Info.plist;
				LD_RUNPATH_SEARCH_PATHS = (
					"$(inherited)",
					"@executable_path/Frameworks",
				);
				PRODUCT_BUNDLE_IDENTIFIER = com.dicoding.academy.MyHeroApp;
				PRODUCT_NAME = "$(TARGET_NAME)";
				SWIFT_VERSION = 5.0;
				TARGETED_DEVICE_FAMILY = "1,2";
			};
			name = Release;
		};
/* End XCBuildConfiguration section */

/* Begin XCConfigurationList section */
		F16B82D724642F9A007F740E /* Build configuration list for PBXProject "MyHeroApp" */ = {
			isa = XCConfigurationList;
			buildConfigurations = (
				F16B82EE24642F9C007F740E /* Debug */,
				F16B82EF24642F9C007F740E /* Release */,
			);
			defaultConfigurationIsVisible = 0;
			defaultConfigurationName = Release;
		};
		F16B82F024642F9C007F740E /* Build configuration list for PBXNativeTarget "MyHeroApp" */ = {
			isa = XCConfigurationList;
			buildConfigurations = (
				F16B82F124642F9C007F740E /* Debug */,
				F16B82F224642F9C007F740E /* Release */,
			);
			defaultConfigurationIsVisible = 0;
			defaultConfigurationName = Release;
		};
/* End XCConfigurationList section */
	};
	rootObject = F16B82D424642F9A007F740E /* Project object */;
}
